
Microsoft Visual Studio Solution File, Format Version 12.00
# Visual Studio Version 16
VisualStudioVersion = 16.0.30621.155
MinimumVisualStudioVersion = 10.0.40219.1
Project("{FAE04EC0-301F-11D3-BF4B-00C04F79EFBC}") = "newapp", "newapp.csproj", "{BCE45DD9-6CBF-4639-9A44-A7C46686549E}"
EndProject
Global
	GlobalSection(SolutionConfigurationPlatforms) = preSolution
		Debug|Any CPU = Debug|Any CPU
		Release|Any CPU = Release|Any CPU
	EndGlobalSection
	GlobalSection(ProjectConfigurationPlatforms) = postSolution
		{BCE45DD9-6CBF-4639-9A44-A7C46686549E}.Debug|Any CPU.ActiveCfg = Debug|Any CPU
		{BCE45DD9-6CBF-4639-9A44-A7C46686549E}.Debug|Any CPU.Build.0 = Debug|Any CPU
		{BCE45DD9-6CBF-4639-9A44-A7C46686549E}.Release|Any CPU.ActiveCfg = Release|Any CPU
		{BCE45DD9-6CBF-4639-9A44-A7C46686549E}.Release|Any CPU.Build.0 = Release|Any CPU
	EndGlobalSection
	GlobalSection(SolutionProperties) = preSolution
		HideSolutionNode = FALSE
	EndGlobalSection
	GlobalSection(ExtensibilityGlobals) = postSolution
		SolutionGuid = {1FA43F1D-662A-488F-BF7D-52CEA6BB0C68}
	EndGlobalSection
EndGlobal
